
Microsoft Visual Studio Solution File, Format Version 12.00
# Visual Studio Version 17
VisualStudioVersion = 17.5.002.0
MinimumVisualStudioVersion = 10.0.40219.1
Project("{9A19103F-16F7-4668-BE54-9A1E7A4F7556}") = "SchoolManagementApp", "SchoolManagementApp.csproj", "{454C581E-737D-475D-B8D1-F96498EF0D67}"
EndProject
Global
	GlobalSection(SolutionConfigurationPlatforms) = preSolution
		Debug|Any CPU = Debug|Any CPU
		Release|Any CPU = Release|Any CPU
	EndGlobalSection
	GlobalSection(ProjectConfigurationPlatforms) = postSolution
		{454C581E-737D-475D-B8D1-F96498EF0D67}.Debug|Any CPU.ActiveCfg = Debug|Any CPU
		{454C581E-737D-475D-B8D1-F96498EF0D67}.Debug|Any CPU.Build.0 = Debug|Any CPU
		{454C581E-737D-475D-B8D1-F96498EF0D67}.Release|Any CPU.ActiveCfg = Release|Any CPU
		{454C581E-737D-475D-B8D1-F96498EF0D67}.Release|Any CPU.Build.0 = Release|Any CPU
	EndGlobalSection
	GlobalSection(SolutionProperties) = preSolution
		HideSolutionNode = FALSE
	EndGlobalSection
	GlobalSection(ExtensibilityGlobals) = postSolution
		SolutionGuid = {16FF9A88-1F4D-495D-8A55-2EF1D2CC3E75}
	EndGlobalSection
EndGlobal
